// !$*UTF8*$!
{
	archiveVersion = 1;
	classes = {
	};
	objectVersion = 46;
	objects = {

/* Begin PBXBuildFile section */
		D4CCB7BB1977A46200120243 /* main.cpp in Sources */ = {isa = PBXBuildFile; fileRef = D4CCB7BA1977A46200120243 /* main.cpp */; };
		D4F5BC711977A4BA0097CE1A /* Dungeon.cpp in Sources */ = {isa = PBXBuildFile; fileRef = D4F5BC6F1977A4BA0097CE1A /* Dungeon.cpp */; };
/* End PBXBuildFile section */

/* Begin PBXCopyFilesBuildPhase section */
		D4CCB7B51977A46200120243 /* CopyFiles */ = {
			isa = PBXCopyFilesBuildPhase;
			buildActionMask = 2147483647;
			dstPath = /usr/share/man/man1/;
			dstSubfolderSpec = 0;
			files = (
			);
			runOnlyForDeploymentPostprocessing = 1;
		};
/* End PBXCopyFilesBuildPhase section */

/* Begin PBXFileReference section */
		D4CCB7B71977A46200120243 /* Dungeon */ = {isa = PBXFileReference; explicitFileType = "compiled.mach-o.executable"; includeInIndex = 0; path = Dungeon; sourceTree = BUILT_PRODUCTS_DIR; };
		D4CCB7BA1977A46200120243 /* main.cpp */ = {isa = PBXFileReference; lastKnownFileType = sourcecode.cpp.cpp; path = main.cpp; sourceTree = "<group>"; };
		D4F5BC6F1977A4BA0097CE1A /* Dungeon.cpp */ = {isa = PBXFileReference; fileEncoding = 4; lastKnownFileType = sourcecode.cpp.cpp; path = Dungeon.cpp; sourceTree = "<group>"; };
		D4F5BC701977A4BA0097CE1A /* Dungeon.h */ = {isa = PBXFileReference; fileEncoding = 4; lastKnownFileType = sourcecode.c.h; path = Dungeon.h; sourceTree = "<group>"; };
/* End PBXFileReference section */

/* Begin PBXFrameworksBuildPhase section */
		D4CCB7B41977A46200120243 /* Frameworks */ = {
			isa = PBXFrameworksBuildPhase;
			buildActionMask = 2147483647;
			files = (
			);
			runOnlyForDeploymentPostprocessing = 0;
		};
/* End PBXFrameworksBuildPhase section */

/* Begin PBXGroup section */
		D4CCB7AE1977A46200120243 = {
			isa = PBXGroup;
			children = (
				D4CCB7B91977A46200120243 /* Dungeon */,
				D4CCB7B81977A46200120243 /* Products */,
			);
			sourceTree = "<group>";
		};
		D4CCB7B81977A46200120243 /* Products */ = {
			isa = PBXGroup;
			children = (
				D4CCB7B71977A46200120243 /* Dungeon */,
			);
			name = Products;
			sourceTree = "<group>";
		};
		D4CCB7B91977A46200120243 /* Dungeon */ = {
			isa = PBXGroup;
			children = (
				D4CCB7BA1977A46200120243 /* main.cpp */,
				D4F5BC6F1977A4BA0097CE1A /* Dungeon.cpp */,
				D4F5BC701977A4BA0097CE1A /* Dungeon.h */,
			);
			path = Dungeon;
			sourceTree = "<group>";
		};
/* End PBXGroup section */

/* Begin PBXNativeTarget section */
		D4CCB7B61977A46200120243 /* Dungeon */ = {
			isa = PBXNativeTarget;
			buildConfigurationList = D4CCB7C01977A46200120243 /* Build configuration list for PBXNativeTarget "Dungeon" */;
			buildPhases = (
				D4CCB7B31977A46200120243 /* Sources */,
				D4CCB7B41977A46200120243 /* Frameworks */,
				D4CCB7B51977A46200120243 /* CopyFiles */,
			);
			buildRules = (
			);
			dependencies = (
			);
			name = Dungeon;
			productName = Dungeon;
			productReference = D4CCB7B71977A46200120243 /* Dungeon */;
			productType = "com.apple.product-type.tool";
		};
/* End PBXNativeTarget section */

/* Begin PBXProject section */
		D4CCB7AF1977A46200120243 /* Project object */ = {
			isa = PBXProject;
			attributes = {
				LastUpgradeCheck = 0510;
				ORGANIZATIONNAME = "Shan Cao";
			};
			buildConfigurationList = D4CCB7B21977A46200120243 /* Build configuration list for PBXProject "Dungeon" */;
			compatibilityVersion = "Xcode 3.2";
			developmentRegion = English;
			hasScannedForEncodings = 0;
			knownRegions = (
				en,
			);
			mainGroup = D4CCB7AE1977A46200120243;
			productRefGroup = D4CCB7B81977A46200120243 /* Products */;
			projectDirPath = "";
			projectRoot = "";
			targets = (
				D4CCB7B61977A46200120243 /* Dungeon */,
			);
		};
/* End PBXProject section */

/* Begin PBXSourcesBuildPhase section */
		D4CCB7B31977A46200120243 /* Sources */ = {
			isa = PBXSourcesBuildPhase;
			buildActionMask = 2147483647;
			files = (
				D4F5BC711977A4BA0097CE1A /* Dungeon.cpp in Sources */,
				D4CCB7BB1977A46200120243 /* main.cpp in Sources */,
			);
			runOnlyForDeploymentPostprocessing = 0;
		};
/* End PBXSourcesBuildPhase section */

/* Begin XCBuildConfiguration section */
		D4CCB7BE1977A46200120243 /* Debug */ = {
			isa = XCBuildConfiguration;
			buildSettings = {
				ALWAYS_SEARCH_USER_PATHS = NO;
				CLANG_CXX_LANGUAGE_STANDARD = "gnu++0x";
				CLANG_CXX_LIBRARY = "libc++";
				CLANG_ENABLE_MODULES = YES;
				CLANG_ENABLE_OBJC_ARC = YES;
				CLANG_WARN_BOOL_CONVERSION = YES;
				CLANG_WARN_CONSTANT_CONVERSION = YES;
				CLANG_WARN_DIRECT_OBJC_ISA_USAGE = YES_ERROR;
				CLANG_WARN_EMPTY_BODY = YES;
				CLANG_WARN_ENUM_CONVERSION = YES;
				CLANG_WARN_INT_CONVERSION = YES;
				CLANG_WARN_OBJC_ROOT_CLASS = YES_ERROR;
				CLANG_WARN__DUPLICATE_METHOD_MATCH = YES;
				COPY_PHASE_STRIP = NO;
				GCC_C_LANGUAGE_STANDARD = gnu99;
				GCC_DYNAMIC_NO_PIC = NO;
				GCC_ENABLE_OBJC_EXCEPTIONS = YES;
				GCC_OPTIMIZATION_LEVEL = 0;
				GCC_PREPROCESSOR_DEFINITIONS = (
					"DEBUG=1",
					"$(inherited)",
				);
				GCC_SYMBOLS_PRIVATE_EXTERN = NO;
				GCC_WARN_64_TO_32_BIT_CONVERSION = YES;
				GCC_WARN_ABOUT_RETURN_TYPE = YES_ERROR;
				GCC_WARN_UNDECLARED_SELECTOR = YES;
				GCC_WARN_UNINITIALIZED_AUTOS = YES_AGGRESSIVE;
				GCC_WARN_UNUSED_FUNCTION = YES;
				GCC_WARN_UNUSED_VARIABLE = YES;
				MACOSX_DEPLOYMENT_TARGET = 10.9;
				ONLY_ACTIVE_ARCH = YES;
				SDKROOT = macosx;
			};
			name = Debug;
		};
		D4CCB7BF1977A46200120243 /* Release */ = {
			isa = XCBuildConfiguration;
			buildSettings = {
				ALWAYS_SEARCH_USER_PATHS = NO;
				CLANG_CXX_LANGUAGE_STANDARD = "gnu++0x";
				CLANG_CXX_LIBRARY = "libc++";
				CLANG_ENABLE_MODULES = YES;
				CLANG_ENABLE_OBJC_ARC = YES;
				CLANG_WARN_BOOL_CONVERSION = YES;
				CLANG_WARN_CONSTANT_CONVERSION = YES;
				CLANG_WARN_DIRECT_OBJC_ISA_USAGE = YES_ERROR;
				CLANG_WARN_EMPTY_BODY = YES;
				CLANG_WARN_ENUM_CONVERSION = YES;
				CLANG_WARN_INT_CONVERSION = YES;
				CLANG_WARN_OBJC_ROOT_CLASS = YES_ERROR;
				CLANG_WARN__DUPLICATE_METHOD_MATCH = YES;
				COPY_PHASE_STRIP = YES;
				DEBUG_INFORMATION_FORMAT = "dwarf-with-dsym";
				ENABLE_NS_ASSERTIONS = NO;
				GCC_C_LANGUAGE_STANDARD = gnu99;
				GCC_ENABLE_OBJC_EXCEPTIONS = YES;
				GCC_WARN_64_TO_32_BIT_CONVERSION = YES;
				GCC_WARN_ABOUT_RETURN_TYPE = YES_ERROR;
				GCC_WARN_UNDECLARED_SELECTOR = YES;
				GCC_WARN_UNINITIALIZED_AUTOS = YES_AGGRESSIVE;
				GCC_WARN_UNUSED_FUNCTION = YES;
				GCC_WARN_UNUSED_VARIABLE = YES;
				MACOSX_DEPLOYMENT_TARGET = 10.9;
				SDKROOT = macosx;
			};
			name = Release;
		};
		D4CCB7C11977A46200120243 /* Debug */ = {
			isa = XCBuildConfiguration;
			buildSettings = {
				PRODUCT_NAME = "$(TARGET_NAME)";
			};
			name = Debug;
		};
		D4CCB7C21977A46200120243 /* Release */ = {
			isa = XCBuildConfiguration;
			buildSettings = {
				PRODUCT_NAME = "$(TARGET_NAME)";
			};
			name = Release;
		};
/* End XCBuildConfiguration section */

/* Begin XCConfigurationList section */
		D4CCB7B21977A46200120243 /* Build configuration list for PBXProject "Dungeon" */ = {
			isa = XCConfigurationList;
			buildConfigurations = (
				D4CCB7BE1977A46200120243 /* Debug */,
				D4CCB7BF1977A46200120243 /* Release */,
			);
			defaultConfigurationIsVisible = 0;
			defaultConfigurationName = Release;
		};
		D4CCB7C01977A46200120243 /* Build configuration list for PBXNativeTarget "Dungeon" */ = {
			isa = XCConfigurationList;
			buildConfigurations = (
				D4CCB7C11977A46200120243 /* Debug */,
				D4CCB7C21977A46200120243 /* Release */,
			);
			defaultConfigurationIsVisible = 0;
			defaultConfigurationName = Release;
		};
/* End XCConfigurationList section */
	};
	rootObject = D4CCB7AF1977A46200120243 /* Project object */;
}
